
Microsoft Visual Studio Solution File, Format Version 12.00
Project("{FAE04EC0-301F-11D3-BF4B-00C04F79EFBC}") = "BookShop", "BookShop\BookShop.csproj", "{6328340F-58EF-4E80-8AB3-6A732308810D}"
EndProject
Global
	GlobalSection(SolutionConfigurationPlatforms) = preSolution
		Debug|Any CPU = Debug|Any CPU
		Release|Any CPU = Release|Any CPU
	EndGlobalSection
	GlobalSection(ProjectConfigurationPlatforms) = postSolution
		{6328340F-58EF-4E80-8AB3-6A732308810D}.Debug|Any CPU.ActiveCfg = Debug|Any CPU
		{6328340F-58EF-4E80-8AB3-6A732308810D}.Debug|Any CPU.Build.0 = Debug|Any CPU
		{6328340F-58EF-4E80-8AB3-6A732308810D}.Release|Any CPU.ActiveCfg = Release|Any CPU
		{6328340F-58EF-4E80-8AB3-6A732308810D}.Release|Any CPU.Build.0 = Release|Any CPU
	EndGlobalSection
EndGlobal
